PODS:
  - KTFoundation (1.0.4):
    - KTFoundation/Category (= 1.0.4)
    - KTFoundation/Device (= 1.0.4)
    - KTFoundation/Macros (= 1.0.4)
    - KTFoundation/Store (= 1.0.4)
  - KTFoundation/Category (1.0.4):
    - KTFoundation/Macros
  - KTFoundation/Device (1.0.4)
  - KTFoundation/Macros (1.0.4)
  - KTFoundation/Store (1.0.4):
    - MMKV
  - KTUILibrary (1.0.10):
    - KTUILibrary/EdgesLabel (= 1.0.10)
    - KTUILibrary/EdgesTextField (= 1.0.10)
    - KTUILibrary/ImageLabel (= 1.0.10)
    - KTUILibrary/ImagePicker (= 1.0.10)
    - KTUILibrary/Navigation (= 1.0.10)
    - KTUILibrary/Protocol (= 1.0.10)
    - KTUILibrary/Tabbar (= 1.0.10)
    - KTUILibrary/Toast (= 1.0.10)
    - KTUILibrary/Webview (= 1.0.10)
  - KTUILibrary/EdgesLabel (1.0.10)
  - KTUILibrary/EdgesTextField (1.0.10)
  - KTUILibrary/ImageLabel (1.0.10):
    - KTFoundation/Macros (~> 1.0.3)
    - Masonry
  - KTUILibrary/ImagePicker (1.0.10):
    - KTFoundation/Category (~> 1.0.4)
  - KTUILibrary/Navigation (1.0.10):
    - KTFoundation
    - KVOController
    - Masonry
  - KTUILibrary/Protocol (1.0.10)
  - KTUILibrary/Tabbar (1.0.10):
    - KTFoundation
    - Masonry
  - KTUILibrary/Toast (1.0.10):
    - Masonry
  - KTUILibrary/Webview (1.0.10):
    - Masonry
  - KVOController (1.2.0)
  - Masonry (1.1.0)
  - MMKV (1.2.14):
    - MMKVCore (~> 1.2.14)
  - MMKVCore (1.2.14)
  - SDWebImage (5.13.2):
    - SDWebImage/Core (= 5.13.2)
  - SDWebImage/Core (5.13.2)

DEPENDENCIES:
  - KTUILibrary (from `../`)
  - SDWebImage

SPEC REPOS:
  https://github.com/CocoaPods/Specs.git:
    - KTFoundation
    - KVOController
    - Masonry
    - MMKV
    - MMKVCore
    - SDWebImage

EXTERNAL SOURCES:
  KTUILibrary:
    :path: "../"

SPEC CHECKSUMS:
  KTFoundation: 404ae637a9ce34b994d9ed6fdd5048441a41ec2d
  KTUILibrary: 84b56d09b4dd83eeaaa3eebe30c49d4dae4a73ea
  KVOController: d72ace34afea42468329623b3379ab3cd1d286b6
  Masonry: 678fab65091a9290e40e2832a55e7ab731aad201
  MMKV: 9c4663aa7ca255d478ff10f2f5cb7d17c1651ccd
  MMKVCore: 89f5c8a66bba2dcd551779dea4d412eeec8ff5bb
  SDWebImage: 72f86271a6f3139cc7e4a89220946489d4b9a866

PODFILE CHECKSUM: 87e28ad89235f68e343b0dee84dcf43164225b15

COCOAPODS: 1.11.3
