PODS:
  - KTUILibrary (1.0.0):
    - KTUILibrary/Base (= 1.0.0)
    - KTUILibrary/EdgesLabel (= 1.0.0)
    - KTUILibrary/EdgesTextField (= 1.0.0)
    - KTUILibrary/ImageLabel (= 1.0.0)
    - KTUILibrary/Navigation (= 1.0.0)
    - KTUILibrary/Tabbar (= 1.0.0)
  - KTUILibrary/Base (1.0.0)
  - KTUILibrary/EdgesLabel (1.0.0)
  - KTUILibrary/EdgesTextField (1.0.0)
  - KTUILibrary/ImageLabel (1.0.0):
    - KTUILibrary/Base
    - Masonry
  - KTUILibrary/Navigation (1.0.0):
    - KTUILibrary/Base
    - KVOController
    - Masonry
  - KTUILibrary/Tabbar (1.0.0):
    - Masonry
  - KVOController (1.2.0)
  - Masonry (1.1.0)
  - SDWebImage (5.12.1):
    - SDWebImage/Core (= 5.12.1)
  - SDWebImage/Core (5.12.1)

DEPENDENCIES:
  - KTUILibrary (from `../`)
  - SDWebImage

SPEC REPOS:
  trunk:
    - KVOController
    - Masonry
    - SDWebImage

EXTERNAL SOURCES:
  KTUILibrary:
    :path: "../"

SPEC CHECKSUMS:
  KTUILibrary: 28f5556f2c1ff64c9488780e9184c2f0caf28347
  KVOController: d72ace34afea42468329623b3379ab3cd1d286b6
  Masonry: 678fab65091a9290e40e2832a55e7ab731aad201
  SDWebImage: 4dc3e42d9ec0c1028b960a33ac6b637bb432207b

PODFILE CHECKSUM: 90537b1a8b1a44976b4b05160ad24a2ca073c6be

COCOAPODS: 1.11.2
